// !$*UTF8*$!
{
	archiveVersion = 1;
	classes = {
	};
	objectVersion = 56;
	objects = {

/* Begin PBXBuildFile section */
		997131332B9A6CA500D57099 /* View.swift in Sources */ = {isa = PBXBuildFile; fileRef = 997131322B9A6CA500D57099 /* View.swift */; };
		997131352B9A6DAB00D57099 /* String.swift in Sources */ = {isa = PBXBuildFile; fileRef = 997131342B9A6DAB00D57099 /* String.swift */; };
		99ADE08C2B9A549900F22250 /* CrewCatchApp.swift in Sources */ = {isa = PBXBuildFile; fileRef = 99ADE08B2B9A549900F22250 /* CrewCatchApp.swift */; };
		99ADE08E2B9A549900F22250 /* ContentView.swift in Sources */ = {isa = PBXBuildFile; fileRef = 99ADE08D2B9A549900F22250 /* ContentView.swift */; };
		99ADE0902B9A549900F22250 /* Item.swift in Sources */ = {isa = PBXBuildFile; fileRef = 99ADE08F2B9A549900F22250 /* Item.swift */; };
		99ADE0922B9A549A00F22250 /* Assets.xcassets in Resources */ = {isa = PBXBuildFile; fileRef = 99ADE0912B9A549A00F22250 /* Assets.xcassets */; };
		99ADE0952B9A549A00F22250 /* Preview Assets.xcassets in Resources */ = {isa = PBXBuildFile; fileRef = 99ADE0942B9A549A00F22250 /* Preview Assets.xcassets */; };
		99ADE09F2B9A549A00F22250 /* CrewCatchTests.swift in Sources */ = {isa = PBXBuildFile; fileRef = 99ADE09E2B9A549A00F22250 /* CrewCatchTests.swift */; };
		99ADE0A92B9A549A00F22250 /* CrewCatchUITests.swift in Sources */ = {isa = PBXBuildFile; fileRef = 99ADE0A82B9A549A00F22250 /* CrewCatchUITests.swift */; };
		99ADE0AB2B9A549A00F22250 /* CrewCatchUITestsLaunchTests.swift in Sources */ = {isa = PBXBuildFile; fileRef = 99ADE0AA2B9A549A00F22250 /* CrewCatchUITestsLaunchTests.swift */; };
		99ADE0B92B9A56F200F22250 /* WorstveldSling.ttf in Resources */ = {isa = PBXBuildFile; fileRef = 99ADE0B82B9A56F200F22250 /* WorstveldSling.ttf */; };
		99ADE0BC2B9A58B100F22250 /* Abuget.ttf in Resources */ = {isa = PBXBuildFile; fileRef = 99ADE0BB2B9A58B100F22250 /* Abuget.ttf */; };
		99ADE0BF2B9A61AA00F22250 /* Color.swift in Sources */ = {isa = PBXBuildFile; fileRef = 99ADE0BE2B9A61AA00F22250 /* Color.swift */; };
		99D3D74D2B9B917D0057BC5E /* Trip.swift in Sources */ = {isa = PBXBuildFile; fileRef = 99D3D74C2B9B917D0057BC5E /* Trip.swift */; };
		99D3D74F2B9B97130057BC5E /* Boat.swift in Sources */ = {isa = PBXBuildFile; fileRef = 99D3D74E2B9B97130057BC5E /* Boat.swift */; };
		99D3D7512B9C70E70057BC5E /* User.swift in Sources */ = {isa = PBXBuildFile; fileRef = 99D3D7502B9C70E70057BC5E /* User.swift */; };
		99F4036C2B9DFC250015A882 /* CreateProfileView.swift in Sources */ = {isa = PBXBuildFile; fileRef = 99F4036B2B9DFC250015A882 /* CreateProfileView.swift */; };
		99F4036E2B9E48870015A882 /* TripListView.swift in Sources */ = {isa = PBXBuildFile; fileRef = 99F4036D2B9E48870015A882 /* TripListView.swift */; };
		99F403702B9E497F0015A882 /* NewTripView.swift in Sources */ = {isa = PBXBuildFile; fileRef = 99F4036F2B9E497F0015A882 /* NewTripView.swift */; };
		99F403732B9E4FA20015A882 /* TripListItem.swift in Sources */ = {isa = PBXBuildFile; fileRef = 99F403722B9E4FA20015A882 /* TripListItem.swift */; };
		99F403752B9E51330015A882 /* Stop.swift in Sources */ = {isa = PBXBuildFile; fileRef = 99F403742B9E51330015A882 /* Stop.swift */; };
		99F4037D2B9FA6C80015A882 /* LoginView.swift in Sources */ = {isa = PBXBuildFile; fileRef = 99F4037C2B9FA6C80015A882 /* LoginView.swift */; };
		99F403822B9FA8620015A882 /* LogoNameView.swift in Sources */ = {isa = PBXBuildFile; fileRef = 99F403812B9FA8620015A882 /* LogoNameView.swift */; };
		99F403852BA0EBC80015A882 /* SignUpView.swift in Sources */ = {isa = PBXBuildFile; fileRef = 99F403842BA0EBC80015A882 /* SignUpView.swift */; };
/* End PBXBuildFile section */

/* Begin PBXContainerItemProxy section */
		99ADE09B2B9A549A00F22250 /* PBXContainerItemProxy */ = {
			isa = PBXContainerItemProxy;
			containerPortal = 99ADE0802B9A549900F22250 /* Project object */;
			proxyType = 1;
			remoteGlobalIDString = 99ADE0872B9A549900F22250;
			remoteInfo = CrewCatch;
		};
		99ADE0A52B9A549A00F22250 /* PBXContainerItemProxy */ = {
			isa = PBXContainerItemProxy;
			containerPortal = 99ADE0802B9A549900F22250 /* Project object */;
			proxyType = 1;
			remoteGlobalIDString = 99ADE0872B9A549900F22250;
			remoteInfo = CrewCatch;
		};
/* End PBXContainerItemProxy section */

/* Begin PBXFileReference section */
		99137F452B9C7CD10053DF23 /* MyPlayground.playground */ = {isa = PBXFileReference; lastKnownFileType = file.playground; name = MyPlayground.playground; path = ../../../MyPlayground.playground; sourceTree = "<group>"; xcLanguageSpecificationIdentifier = xcode.lang.swift; };
		997131322B9A6CA500D57099 /* View.swift */ = {isa = PBXFileReference; lastKnownFileType = sourcecode.swift; path = View.swift; sourceTree = "<group>"; };
		997131342B9A6DAB00D57099 /* String.swift */ = {isa = PBXFileReference; lastKnownFileType = sourcecode.swift; path = String.swift; sourceTree = "<group>"; };
		99ADE0882B9A549900F22250 /* CrewCatch.app */ = {isa = PBXFileReference; explicitFileType = wrapper.application; includeInIndex = 0; path = CrewCatch.app; sourceTree = BUILT_PRODUCTS_DIR; };
		99ADE08B2B9A549900F22250 /* CrewCatchApp.swift */ = {isa = PBXFileReference; lastKnownFileType = sourcecode.swift; path = CrewCatchApp.swift; sourceTree = "<group>"; };
		99ADE08D2B9A549900F22250 /* ContentView.swift */ = {isa = PBXFileReference; lastKnownFileType = sourcecode.swift; path = ContentView.swift; sourceTree = "<group>"; };
		99ADE08F2B9A549900F22250 /* Item.swift */ = {isa = PBXFileReference; lastKnownFileType = sourcecode.swift; path = Item.swift; sourceTree = "<group>"; };
		99ADE0912B9A549A00F22250 /* Assets.xcassets */ = {isa = PBXFileReference; lastKnownFileType = folder.assetcatalog; path = Assets.xcassets; sourceTree = "<group>"; };
		99ADE0942B9A549A00F22250 /* Preview Assets.xcassets */ = {isa = PBXFileReference; lastKnownFileType = folder.assetcatalog; path = "Preview Assets.xcassets"; sourceTree = "<group>"; };
		99ADE09A2B9A549A00F22250 /* CrewCatchTests.xctest */ = {isa = PBXFileReference; explicitFileType = wrapper.cfbundle; includeInIndex = 0; path = CrewCatchTests.xctest; sourceTree = BUILT_PRODUCTS_DIR; };
		99ADE09E2B9A549A00F22250 /* CrewCatchTests.swift */ = {isa = PBXFileReference; lastKnownFileType = sourcecode.swift; path = CrewCatchTests.swift; sourceTree = "<group>"; };
		99ADE0A42B9A549A00F22250 /* CrewCatchUITests.xctest */ = {isa = PBXFileReference; explicitFileType = wrapper.cfbundle; includeInIndex = 0; path = CrewCatchUITests.xctest; sourceTree = BUILT_PRODUCTS_DIR; };
		99ADE0A82B9A549A00F22250 /* CrewCatchUITests.swift */ = {isa = PBXFileReference; lastKnownFileType = sourcecode.swift; path = CrewCatchUITests.swift; sourceTree = "<group>"; };
		99ADE0AA2B9A549A00F22250 /* CrewCatchUITestsLaunchTests.swift */ = {isa = PBXFileReference; lastKnownFileType = sourcecode.swift; path = CrewCatchUITestsLaunchTests.swift; sourceTree = "<group>"; };
		99ADE0B82B9A56F200F22250 /* WorstveldSling.ttf */ = {isa = PBXFileReference; lastKnownFileType = file; path = WorstveldSling.ttf; sourceTree = "<group>"; };
		99ADE0BA2B9A576600F22250 /* Info.plist */ = {isa = PBXFileReference; lastKnownFileType = text.plist; path = Info.plist; sourceTree = "<group>"; };
		99ADE0BB2B9A58B100F22250 /* Abuget.ttf */ = {isa = PBXFileReference; lastKnownFileType = file; path = Abuget.ttf; sourceTree = "<group>"; };
		99ADE0BE2B9A61AA00F22250 /* Color.swift */ = {isa = PBXFileReference; lastKnownFileType = sourcecode.swift; path = Color.swift; sourceTree = "<group>"; };
		99D3D74C2B9B917D0057BC5E /* Trip.swift */ = {isa = PBXFileReference; lastKnownFileType = sourcecode.swift; path = Trip.swift; sourceTree = "<group>"; };
		99D3D74E2B9B97130057BC5E /* Boat.swift */ = {isa = PBXFileReference; lastKnownFileType = sourcecode.swift; path = Boat.swift; sourceTree = "<group>"; };
		99D3D7502B9C70E70057BC5E /* User.swift */ = {isa = PBXFileReference; lastKnownFileType = sourcecode.swift; path = User.swift; sourceTree = "<group>"; };
		99F403692B9DD2820015A882 /* MyPlayground.playground */ = {isa = PBXFileReference; lastKnownFileType = file.playground; path = MyPlayground.playground; sourceTree = "<group>"; };
		99F4036B2B9DFC250015A882 /* CreateProfileView.swift */ = {isa = PBXFileReference; lastKnownFileType = sourcecode.swift; path = CreateProfileView.swift; sourceTree = "<group>"; };
		99F4036D2B9E48870015A882 /* TripListView.swift */ = {isa = PBXFileReference; lastKnownFileType = sourcecode.swift; path = TripListView.swift; sourceTree = "<group>"; };
		99F4036F2B9E497F0015A882 /* NewTripView.swift */ = {isa = PBXFileReference; lastKnownFileType = sourcecode.swift; path = NewTripView.swift; sourceTree = "<group>"; };
		99F403722B9E4FA20015A882 /* TripListItem.swift */ = {isa = PBXFileReference; lastKnownFileType = sourcecode.swift; path = TripListItem.swift; sourceTree = "<group>"; };
		99F403742B9E51330015A882 /* Stop.swift */ = {isa = PBXFileReference; lastKnownFileType = sourcecode.swift; path = Stop.swift; sourceTree = "<group>"; };
		99F4037C2B9FA6C80015A882 /* LoginView.swift */ = {isa = PBXFileReference; lastKnownFileType = sourcecode.swift; path = LoginView.swift; sourceTree = "<group>"; };
		99F403812B9FA8620015A882 /* LogoNameView.swift */ = {isa = PBXFileReference; lastKnownFileType = sourcecode.swift; path = LogoNameView.swift; sourceTree = "<group>"; };
		99F403842BA0EBC80015A882 /* SignUpView.swift */ = {isa = PBXFileReference; lastKnownFileType = sourcecode.swift; path = SignUpView.swift; sourceTree = "<group>"; };
/* End PBXFileReference section */

/* Begin PBXFrameworksBuildPhase section */
		99ADE0852B9A549900F22250 /* Frameworks */ = {
			isa = PBXFrameworksBuildPhase;
			buildActionMask = 2147483647;
			files = (
			);
			runOnlyForDeploymentPostprocessing = 0;
		};
		99ADE0972B9A549A00F22250 /* Frameworks */ = {
			isa = PBXFrameworksBuildPhase;
			buildActionMask = 2147483647;
			files = (
			);
			runOnlyForDeploymentPostprocessing = 0;
		};
		99ADE0A12B9A549A00F22250 /* Frameworks */ = {
			isa = PBXFrameworksBuildPhase;
			buildActionMask = 2147483647;
			files = (
			);
			runOnlyForDeploymentPostprocessing = 0;
		};
/* End PBXFrameworksBuildPhase section */

/* Begin PBXGroup section */
		99ADE07F2B9A549900F22250 = {
			isa = PBXGroup;
			children = (
				99ADE08A2B9A549900F22250 /* CrewCatch */,
				99ADE09D2B9A549A00F22250 /* CrewCatchTests */,
				99ADE0A72B9A549A00F22250 /* CrewCatchUITests */,
				99ADE0892B9A549900F22250 /* Products */,
			);
			sourceTree = "<group>";
		};
		99ADE0892B9A549900F22250 /* Products */ = {
			isa = PBXGroup;
			children = (
				99ADE0882B9A549900F22250 /* CrewCatch.app */,
				99ADE09A2B9A549A00F22250 /* CrewCatchTests.xctest */,
				99ADE0A42B9A549A00F22250 /* CrewCatchUITests.xctest */,
			);
			name = Products;
			sourceTree = "<group>";
		};
		99ADE08A2B9A549900F22250 /* CrewCatch */ = {
			isa = PBXGroup;
			children = (
				99ADE0BA2B9A576600F22250 /* Info.plist */,
				99ADE0B72B9A566800F22250 /* Assets */,
				99ADE0BD2B9A619700F22250 /* Extensions */,
				99D3D74B2B9B91190057BC5E /* Models */,
				99F4036A2B9DFC070015A882 /* Views */,
				99ADE08B2B9A549900F22250 /* CrewCatchApp.swift */,
				99F403692B9DD2820015A882 /* MyPlayground.playground */,
				99ADE0932B9A549A00F22250 /* Preview Content */,
			);
			path = CrewCatch;
			sourceTree = "<group>";
		};
		99ADE0932B9A549A00F22250 /* Preview Content */ = {
			isa = PBXGroup;
			children = (
				99ADE0942B9A549A00F22250 /* Preview Assets.xcassets */,
			);
			path = "Preview Content";
			sourceTree = "<group>";
		};
		99ADE09D2B9A549A00F22250 /* CrewCatchTests */ = {
			isa = PBXGroup;
			children = (
				99ADE09E2B9A549A00F22250 /* CrewCatchTests.swift */,
			);
			path = CrewCatchTests;
			sourceTree = "<group>";
		};
		99ADE0A72B9A549A00F22250 /* CrewCatchUITests */ = {
			isa = PBXGroup;
			children = (
				99ADE0A82B9A549A00F22250 /* CrewCatchUITests.swift */,
				99ADE0AA2B9A549A00F22250 /* CrewCatchUITestsLaunchTests.swift */,
			);
			path = CrewCatchUITests;
			sourceTree = "<group>";
		};
		99ADE0B72B9A566800F22250 /* Assets */ = {
			isa = PBXGroup;
			children = (
				99ADE0B82B9A56F200F22250 /* WorstveldSling.ttf */,
				99ADE0BB2B9A58B100F22250 /* Abuget.ttf */,
				99ADE0912B9A549A00F22250 /* Assets.xcassets */,
			);
			path = Assets;
			sourceTree = "<group>";
		};
		99ADE0BD2B9A619700F22250 /* Extensions */ = {
			isa = PBXGroup;
			children = (
				99ADE0BE2B9A61AA00F22250 /* Color.swift */,
				997131322B9A6CA500D57099 /* View.swift */,
				997131342B9A6DAB00D57099 /* String.swift */,
			);
			path = Extensions;
			sourceTree = "<group>";
		};
		99D3D74B2B9B91190057BC5E /* Models */ = {
			isa = PBXGroup;
			children = (
				99137F452B9C7CD10053DF23 /* MyPlayground.playground */,
				99ADE08F2B9A549900F22250 /* Item.swift */,
				99D3D74C2B9B917D0057BC5E /* Trip.swift */,
				99D3D74E2B9B97130057BC5E /* Boat.swift */,
				99D3D7502B9C70E70057BC5E /* User.swift */,
				99F403742B9E51330015A882 /* Stop.swift */,
			);
			path = Models;
			sourceTree = "<group>";
		};
		99F4036A2B9DFC070015A882 /* Views */ = {
			isa = PBXGroup;
			children = (
				99F4037E2B9FA7320015A882 /* Subviews */,
				99F4037B2B9FA6A30015A882 /* Auth */,
				99F403832B9FB46F0015A882 /* User */,
				99F403712B9E4F800015A882 /* Trip */,
				99ADE08D2B9A549900F22250 /* ContentView.swift */,
			);
			path = Views;
			sourceTree = "<group>";
		};
		99F403712B9E4F800015A882 /* Trip */ = {
			isa = PBXGroup;
			children = (
				99F4036D2B9E48870015A882 /* TripListView.swift */,
				99F4036F2B9E497F0015A882 /* NewTripView.swift */,
				99F403722B9E4FA20015A882 /* TripListItem.swift */,
			);
			path = Trip;
			sourceTree = "<group>";
		};
		99F4037B2B9FA6A30015A882 /* Auth */ = {
			isa = PBXGroup;
			children = (
				99F4037C2B9FA6C80015A882 /* LoginView.swift */,
				99F403842BA0EBC80015A882 /* SignUpView.swift */,
			);
			path = Auth;
			sourceTree = "<group>";
		};
		99F4037E2B9FA7320015A882 /* Subviews */ = {
			isa = PBXGroup;
			children = (
				99F403812B9FA8620015A882 /* LogoNameView.swift */,
			);
			path = Subviews;
			sourceTree = "<group>";
		};
		99F403832B9FB46F0015A882 /* User */ = {
			isa = PBXGroup;
			children = (
				99F4036B2B9DFC250015A882 /* CreateProfileView.swift */,
			);
			path = User;
			sourceTree = "<group>";
		};
/* End PBXGroup section */

/* Begin PBXNativeTarget section */
		99ADE0872B9A549900F22250 /* CrewCatch */ = {
			isa = PBXNativeTarget;
			buildConfigurationList = 99ADE0AE2B9A549A00F22250 /* Build configuration list for PBXNativeTarget "CrewCatch" */;
			buildPhases = (
				99ADE0842B9A549900F22250 /* Sources */,
				99ADE0852B9A549900F22250 /* Frameworks */,
				99ADE0862B9A549900F22250 /* Resources */,
			);
			buildRules = (
			);
			dependencies = (
			);
			name = CrewCatch;
			productName = CrewCatch;
			productReference = 99ADE0882B9A549900F22250 /* CrewCatch.app */;
			productType = "com.apple.product-type.application";
		};
		99ADE0992B9A549A00F22250 /* CrewCatchTests */ = {
			isa = PBXNativeTarget;
			buildConfigurationList = 99ADE0B12B9A549A00F22250 /* Build configuration list for PBXNativeTarget "CrewCatchTests" */;
			buildPhases = (
				99ADE0962B9A549A00F22250 /* Sources */,
				99ADE0972B9A549A00F22250 /* Frameworks */,
				99ADE0982B9A549A00F22250 /* Resources */,
			);
			buildRules = (
			);
			dependencies = (
				99ADE09C2B9A549A00F22250 /* PBXTargetDependency */,
			);
			name = CrewCatchTests;
			productName = CrewCatchTests;
			productReference = 99ADE09A2B9A549A00F22250 /* CrewCatchTests.xctest */;
			productType = "com.apple.product-type.bundle.unit-test";
		};
		99ADE0A32B9A549A00F22250 /* CrewCatchUITests */ = {
			isa = PBXNativeTarget;
			buildConfigurationList = 99ADE0B42B9A549A00F22250 /* Build configuration list for PBXNativeTarget "CrewCatchUITests" */;
			buildPhases = (
				99ADE0A02B9A549A00F22250 /* Sources */,
				99ADE0A12B9A549A00F22250 /* Frameworks */,
				99ADE0A22B9A549A00F22250 /* Resources */,
			);
			buildRules = (
			);
			dependencies = (
				99ADE0A62B9A549A00F22250 /* PBXTargetDependency */,
			);
			name = CrewCatchUITests;
			productName = CrewCatchUITests;
			productReference = 99ADE0A42B9A549A00F22250 /* CrewCatchUITests.xctest */;
			productType = "com.apple.product-type.bundle.ui-testing";
		};
/* End PBXNativeTarget section */

/* Begin PBXProject section */
		99ADE0802B9A549900F22250 /* Project object */ = {
			isa = PBXProject;
			attributes = {
				BuildIndependentTargetsInParallel = 1;
				LastSwiftUpdateCheck = 1530;
				LastUpgradeCheck = 1530;
				TargetAttributes = {
					99ADE0872B9A549900F22250 = {
						CreatedOnToolsVersion = 15.3;
					};
					99ADE0992B9A549A00F22250 = {
						CreatedOnToolsVersion = 15.3;
						TestTargetID = 99ADE0872B9A549900F22250;
					};
					99ADE0A32B9A549A00F22250 = {
						CreatedOnToolsVersion = 15.3;
						TestTargetID = 99ADE0872B9A549900F22250;
					};
				};
			};
			buildConfigurationList = 99ADE0832B9A549900F22250 /* Build configuration list for PBXProject "CrewCatch" */;
			compatibilityVersion = "Xcode 14.0";
			developmentRegion = en;
			hasScannedForEncodings = 0;
			knownRegions = (
				en,
				Base,
			);
			mainGroup = 99ADE07F2B9A549900F22250;
			productRefGroup = 99ADE0892B9A549900F22250 /* Products */;
			projectDirPath = "";
			projectRoot = "";
			targets = (
				99ADE0872B9A549900F22250 /* CrewCatch */,
				99ADE0992B9A549A00F22250 /* CrewCatchTests */,
				99ADE0A32B9A549A00F22250 /* CrewCatchUITests */,
			);
		};
/* End PBXProject section */

/* Begin PBXResourcesBuildPhase section */
		99ADE0862B9A549900F22250 /* Resources */ = {
			isa = PBXResourcesBuildPhase;
			buildActionMask = 2147483647;
			files = (
				99ADE0B92B9A56F200F22250 /* WorstveldSling.ttf in Resources */,
				99ADE0952B9A549A00F22250 /* Preview Assets.xcassets in Resources */,
				99ADE0BC2B9A58B100F22250 /* Abuget.ttf in Resources */,
				99ADE0922B9A549A00F22250 /* Assets.xcassets in Resources */,
			);
			runOnlyForDeploymentPostprocessing = 0;
		};
		99ADE0982B9A549A00F22250 /* Resources */ = {
			isa = PBXResourcesBuildPhase;
			buildActionMask = 2147483647;
			files = (
			);
			runOnlyForDeploymentPostprocessing = 0;
		};
		99ADE0A22B9A549A00F22250 /* Resources */ = {
			isa = PBXResourcesBuildPhase;
			buildActionMask = 2147483647;
			files = (
			);
			runOnlyForDeploymentPostprocessing = 0;
		};
/* End PBXResourcesBuildPhase section */

/* Begin PBXSourcesBuildPhase section */
		99ADE0842B9A549900F22250 /* Sources */ = {
			isa = PBXSourcesBuildPhase;
			buildActionMask = 2147483647;
			files = (
				99F403702B9E497F0015A882 /* NewTripView.swift in Sources */,
				997131352B9A6DAB00D57099 /* String.swift in Sources */,
				997131332B9A6CA500D57099 /* View.swift in Sources */,
				99F4037D2B9FA6C80015A882 /* LoginView.swift in Sources */,
				99F4036E2B9E48870015A882 /* TripListView.swift in Sources */,
				99ADE08E2B9A549900F22250 /* ContentView.swift in Sources */,
				99D3D74F2B9B97130057BC5E /* Boat.swift in Sources */,
				99F4036C2B9DFC250015A882 /* CreateProfileView.swift in Sources */,
				99F403752B9E51330015A882 /* Stop.swift in Sources */,
				99D3D74D2B9B917D0057BC5E /* Trip.swift in Sources */,
				99F403822B9FA8620015A882 /* LogoNameView.swift in Sources */,
				99F403732B9E4FA20015A882 /* TripListItem.swift in Sources */,
				99F403852BA0EBC80015A882 /* SignUpView.swift in Sources */,
				99D3D7512B9C70E70057BC5E /* User.swift in Sources */,
				99ADE0BF2B9A61AA00F22250 /* Color.swift in Sources */,
				99ADE0902B9A549900F22250 /* Item.swift in Sources */,
				99ADE08C2B9A549900F22250 /* CrewCatchApp.swift in Sources */,
			);
			runOnlyForDeploymentPostprocessing = 0;
		};
		99ADE0962B9A549A00F22250 /* Sources */ = {
			isa = PBXSourcesBuildPhase;
			buildActionMask = 2147483647;
			files = (
				99ADE09F2B9A549A00F22250 /* CrewCatchTests.swift in Sources */,
			);
			runOnlyForDeploymentPostprocessing = 0;
		};
		99ADE0A02B9A549A00F22250 /* Sources */ = {
			isa = PBXSourcesBuildPhase;
			buildActionMask = 2147483647;
			files = (
				99ADE0A92B9A549A00F22250 /* CrewCatchUITests.swift in Sources */,
				99ADE0AB2B9A549A00F22250 /* CrewCatchUITestsLaunchTests.swift in Sources */,
			);
			runOnlyForDeploymentPostprocessing = 0;
		};
/* End PBXSourcesBuildPhase section */

/* Begin PBXTargetDependency section */
		99ADE09C2B9A549A00F22250 /* PBXTargetDependency */ = {
			isa = PBXTargetDependency;
			target = 99ADE0872B9A549900F22250 /* CrewCatch */;
			targetProxy = 99ADE09B2B9A549A00F22250 /* PBXContainerItemProxy */;
		};
		99ADE0A62B9A549A00F22250 /* PBXTargetDependency */ = {
			isa = PBXTargetDependency;
			target = 99ADE0872B9A549900F22250 /* CrewCatch */;
			targetProxy = 99ADE0A52B9A549A00F22250 /* PBXContainerItemProxy */;
		};
/* End PBXTargetDependency section */

/* Begin XCBuildConfiguration section */
		99ADE0AC2B9A549A00F22250 /* Debug */ = {
			isa = XCBuildConfiguration;
			buildSettings = {
				ALWAYS_SEARCH_USER_PATHS = NO;
				ASSETCATALOG_COMPILER_GENERATE_SWIFT_ASSET_SYMBOL_EXTENSIONS = YES;
				CLANG_ANALYZER_NONNULL = YES;
				CLANG_ANALYZER_NUMBER_OBJECT_CONVERSION = YES_AGGRESSIVE;
				CLANG_CXX_LANGUAGE_STANDARD = "gnu++20";
				CLANG_ENABLE_MODULES = YES;
				CLANG_ENABLE_OBJC_ARC = YES;
				CLANG_ENABLE_OBJC_WEAK = YES;
				CLANG_WARN_BLOCK_CAPTURE_AUTORELEASING = YES;
				CLANG_WARN_BOOL_CONVERSION = YES;
				CLANG_WARN_COMMA = YES;
				CLANG_WARN_CONSTANT_CONVERSION = YES;
				CLANG_WARN_DEPRECATED_OBJC_IMPLEMENTATIONS = YES;
				CLANG_WARN_DIRECT_OBJC_ISA_USAGE = YES_ERROR;
				CLANG_WARN_DOCUMENTATION_COMMENTS = YES;
				CLANG_WARN_EMPTY_BODY = YES;
				CLANG_WARN_ENUM_CONVERSION = YES;
				CLANG_WARN_INFINITE_RECURSION = YES;
				CLANG_WARN_INT_CONVERSION = YES;
				CLANG_WARN_NON_LITERAL_NULL_CONVERSION = YES;
				CLANG_WARN_OBJC_IMPLICIT_RETAIN_SELF = YES;
				CLANG_WARN_OBJC_LITERAL_CONVERSION = YES;
				CLANG_WARN_OBJC_ROOT_CLASS = YES_ERROR;
				CLANG_WARN_QUOTED_INCLUDE_IN_FRAMEWORK_HEADER = YES;
				CLANG_WARN_RANGE_LOOP_ANALYSIS = YES;
				CLANG_WARN_STRICT_PROTOTYPES = YES;
				CLANG_WARN_SUSPICIOUS_MOVE = YES;
				CLANG_WARN_UNGUARDED_AVAILABILITY = YES_AGGRESSIVE;
				CLANG_WARN_UNREACHABLE_CODE = YES;
				CLANG_WARN__DUPLICATE_METHOD_MATCH = YES;
				COPY_PHASE_STRIP = NO;
				DEBUG_INFORMATION_FORMAT = dwarf;
				ENABLE_STRICT_OBJC_MSGSEND = YES;
				ENABLE_TESTABILITY = YES;
				ENABLE_USER_SCRIPT_SANDBOXING = YES;
				GCC_C_LANGUAGE_STANDARD = gnu17;
				GCC_DYNAMIC_NO_PIC = NO;
				GCC_NO_COMMON_BLOCKS = YES;
				GCC_OPTIMIZATION_LEVEL = 0;
				GCC_PREPROCESSOR_DEFINITIONS = (
					"DEBUG=1",
					"$(inherited)",
				);
				GCC_WARN_64_TO_32_BIT_CONVERSION = YES;
				GCC_WARN_ABOUT_RETURN_TYPE = YES_ERROR;
				GCC_WARN_UNDECLARED_SELECTOR = YES;
				GCC_WARN_UNINITIALIZED_AUTOS = YES_AGGRESSIVE;
				GCC_WARN_UNUSED_FUNCTION = YES;
				GCC_WARN_UNUSED_VARIABLE = YES;
				IPHONEOS_DEPLOYMENT_TARGET = 17.4;
				LOCALIZATION_PREFERS_STRING_CATALOGS = YES;
				MTL_ENABLE_DEBUG_INFO = INCLUDE_SOURCE;
				MTL_FAST_MATH = YES;
				ONLY_ACTIVE_ARCH = YES;
				SDKROOT = iphoneos;
				SWIFT_ACTIVE_COMPILATION_CONDITIONS = "DEBUG $(inherited)";
				SWIFT_OPTIMIZATION_LEVEL = "-Onone";
			};
			name = Debug;
		};
		99ADE0AD2B9A549A00F22250 /* Release */ = {
			isa = XCBuildConfiguration;
			buildSettings = {
				ALWAYS_SEARCH_USER_PATHS = NO;
				ASSETCATALOG_COMPILER_GENERATE_SWIFT_ASSET_SYMBOL_EXTENSIONS = YES;
				CLANG_ANALYZER_NONNULL = YES;
				CLANG_ANALYZER_NUMBER_OBJECT_CONVERSION = YES_AGGRESSIVE;
				CLANG_CXX_LANGUAGE_STANDARD = "gnu++20";
				CLANG_ENABLE_MODULES = YES;
				CLANG_ENABLE_OBJC_ARC = YES;
				CLANG_ENABLE_OBJC_WEAK = YES;
				CLANG_WARN_BLOCK_CAPTURE_AUTORELEASING = YES;
				CLANG_WARN_BOOL_CONVERSION = YES;
				CLANG_WARN_COMMA = YES;
				CLANG_WARN_CONSTANT_CONVERSION = YES;
				CLANG_WARN_DEPRECATED_OBJC_IMPLEMENTATIONS = YES;
				CLANG_WARN_DIRECT_OBJC_ISA_USAGE = YES_ERROR;
				CLANG_WARN_DOCUMENTATION_COMMENTS = YES;
				CLANG_WARN_EMPTY_BODY = YES;
				CLANG_WARN_ENUM_CONVERSION = YES;
				CLANG_WARN_INFINITE_RECURSION = YES;
				CLANG_WARN_INT_CONVERSION = YES;
				CLANG_WARN_NON_LITERAL_NULL_CONVERSION = YES;
				CLANG_WARN_OBJC_IMPLICIT_RETAIN_SELF = YES;
				CLANG_WARN_OBJC_LITERAL_CONVERSION = YES;
				CLANG_WARN_OBJC_ROOT_CLASS = YES_ERROR;
				CLANG_WARN_QUOTED_INCLUDE_IN_FRAMEWORK_HEADER = YES;
				CLANG_WARN_RANGE_LOOP_ANALYSIS = YES;
				CLANG_WARN_STRICT_PROTOTYPES = YES;
				CLANG_WARN_SUSPICIOUS_MOVE = YES;
				CLANG_WARN_UNGUARDED_AVAILABILITY = YES_AGGRESSIVE;
				CLANG_WARN_UNREACHABLE_CODE = YES;
				CLANG_WARN__DUPLICATE_METHOD_MATCH = YES;
				COPY_PHASE_STRIP = NO;
				DEBUG_INFORMATION_FORMAT = "dwarf-with-dsym";
				ENABLE_NS_ASSERTIONS = NO;
				ENABLE_STRICT_OBJC_MSGSEND = YES;
				ENABLE_USER_SCRIPT_SANDBOXING = YES;
				GCC_C_LANGUAGE_STANDARD = gnu17;
				GCC_NO_COMMON_BLOCKS = YES;
				GCC_WARN_64_TO_32_BIT_CONVERSION = YES;
				GCC_WARN_ABOUT_RETURN_TYPE = YES_ERROR;
				GCC_WARN_UNDECLARED_SELECTOR = YES;
				GCC_WARN_UNINITIALIZED_AUTOS = YES_AGGRESSIVE;
				GCC_WARN_UNUSED_FUNCTION = YES;
				GCC_WARN_UNUSED_VARIABLE = YES;
				IPHONEOS_DEPLOYMENT_TARGET = 17.4;
				LOCALIZATION_PREFERS_STRING_CATALOGS = YES;
				MTL_ENABLE_DEBUG_INFO = NO;
				MTL_FAST_MATH = YES;
				SDKROOT = iphoneos;
				SWIFT_COMPILATION_MODE = wholemodule;
				VALIDATE_PRODUCT = YES;
			};
			name = Release;
		};
		99ADE0AF2B9A549A00F22250 /* Debug */ = {
			isa = XCBuildConfiguration;
			buildSettings = {
				ASSETCATALOG_COMPILER_APPICON_NAME = AppIcon;
				ASSETCATALOG_COMPILER_GLOBAL_ACCENT_COLOR_NAME = AccentColor;
				CODE_SIGN_STYLE = Automatic;
				CURRENT_PROJECT_VERSION = 1;
				DEVELOPMENT_ASSET_PATHS = "\"CrewCatch/Preview Content\"";
				DEVELOPMENT_TEAM = 7A56SCUDQD;
				ENABLE_PREVIEWS = YES;
				GENERATE_INFOPLIST_FILE = YES;
				INFOPLIST_FILE = CrewCatch/Info.plist;
				INFOPLIST_KEY_UIApplicationSceneManifest_Generation = YES;
				INFOPLIST_KEY_UIApplicationSupportsIndirectInputEvents = YES;
				INFOPLIST_KEY_UILaunchScreen_Generation = YES;
				INFOPLIST_KEY_UISupportedInterfaceOrientations_iPad = "UIInterfaceOrientationPortrait UIInterfaceOrientationPortraitUpsideDown UIInterfaceOrientationLandscapeLeft UIInterfaceOrientationLandscapeRight";
				INFOPLIST_KEY_UISupportedInterfaceOrientations_iPhone = "UIInterfaceOrientationPortrait UIInterfaceOrientationLandscapeLeft UIInterfaceOrientationLandscapeRight";
				LD_RUNPATH_SEARCH_PATHS = (
					"$(inherited)",
					"@executable_path/Frameworks",
				);
				MARKETING_VERSION = 1.0;
				PRODUCT_BUNDLE_IDENTIFIER = kubiakk.CrewCatch;
				PRODUCT_NAME = "$(TARGET_NAME)";
				SWIFT_EMIT_LOC_STRINGS = YES;
				SWIFT_VERSION = 5.0;
				TARGETED_DEVICE_FAMILY = "1,2";
			};
			name = Debug;
		};
		99ADE0B02B9A549A00F22250 /* Release */ = {
			isa = XCBuildConfiguration;
			buildSettings = {
				ASSETCATALOG_COMPILER_APPICON_NAME = AppIcon;
				ASSETCATALOG_COMPILER_GLOBAL_ACCENT_COLOR_NAME = AccentColor;
				CODE_SIGN_STYLE = Automatic;
				CURRENT_PROJECT_VERSION = 1;
				DEVELOPMENT_ASSET_PATHS = "\"CrewCatch/Preview Content\"";
				DEVELOPMENT_TEAM = 7A56SCUDQD;
				ENABLE_PREVIEWS = YES;
				GENERATE_INFOPLIST_FILE = YES;
				INFOPLIST_FILE = CrewCatch/Info.plist;
				INFOPLIST_KEY_UIApplicationSceneManifest_Generation = YES;
				INFOPLIST_KEY_UIApplicationSupportsIndirectInputEvents = YES;
				INFOPLIST_KEY_UILaunchScreen_Generation = YES;
				INFOPLIST_KEY_UISupportedInterfaceOrientations_iPad = "UIInterfaceOrientationPortrait UIInterfaceOrientationPortraitUpsideDown UIInterfaceOrientationLandscapeLeft UIInterfaceOrientationLandscapeRight";
				INFOPLIST_KEY_UISupportedInterfaceOrientations_iPhone = "UIInterfaceOrientationPortrait UIInterfaceOrientationLandscapeLeft UIInterfaceOrientationLandscapeRight";
				LD_RUNPATH_SEARCH_PATHS = (
					"$(inherited)",
					"@executable_path/Frameworks",
				);
				MARKETING_VERSION = 1.0;
				PRODUCT_BUNDLE_IDENTIFIER = kubiakk.CrewCatch;
				PRODUCT_NAME = "$(TARGET_NAME)";
				SWIFT_EMIT_LOC_STRINGS = YES;
				SWIFT_VERSION = 5.0;
				TARGETED_DEVICE_FAMILY = "1,2";
			};
			name = Release;
		};
		99ADE0B22B9A549A00F22250 /* Debug */ = {
			isa = XCBuildConfiguration;
			buildSettings = {
				ALWAYS_EMBED_SWIFT_STANDARD_LIBRARIES = YES;
				BUNDLE_LOADER = "$(TEST_HOST)";
				CODE_SIGN_STYLE = Automatic;
				CURRENT_PROJECT_VERSION = 1;
				DEVELOPMENT_TEAM = 7A56SCUDQD;
				GENERATE_INFOPLIST_FILE = YES;
				IPHONEOS_DEPLOYMENT_TARGET = 17.4;
				MARKETING_VERSION = 1.0;
				PRODUCT_BUNDLE_IDENTIFIER = kubiakk.CrewCatchTests;
				PRODUCT_NAME = "$(TARGET_NAME)";
				SWIFT_EMIT_LOC_STRINGS = NO;
				SWIFT_VERSION = 5.0;
				TARGETED_DEVICE_FAMILY = "1,2";
				TEST_HOST = "$(BUILT_PRODUCTS_DIR)/CrewCatch.app/$(BUNDLE_EXECUTABLE_FOLDER_PATH)/CrewCatch";
			};
			name = Debug;
		};
		99ADE0B32B9A549A00F22250 /* Release */ = {
			isa = XCBuildConfiguration;
			buildSettings = {
				ALWAYS_EMBED_SWIFT_STANDARD_LIBRARIES = YES;
				BUNDLE_LOADER = "$(TEST_HOST)";
				CODE_SIGN_STYLE = Automatic;
				CURRENT_PROJECT_VERSION = 1;
				DEVELOPMENT_TEAM = 7A56SCUDQD;
				GENERATE_INFOPLIST_FILE = YES;
				IPHONEOS_DEPLOYMENT_TARGET = 17.4;
				MARKETING_VERSION = 1.0;
				PRODUCT_BUNDLE_IDENTIFIER = kubiakk.CrewCatchTests;
				PRODUCT_NAME = "$(TARGET_NAME)";
				SWIFT_EMIT_LOC_STRINGS = NO;
				SWIFT_VERSION = 5.0;
				TARGETED_DEVICE_FAMILY = "1,2";
				TEST_HOST = "$(BUILT_PRODUCTS_DIR)/CrewCatch.app/$(BUNDLE_EXECUTABLE_FOLDER_PATH)/CrewCatch";
			};
			name = Release;
		};
		99ADE0B52B9A549A00F22250 /* Debug */ = {
			isa = XCBuildConfiguration;
			buildSettings = {
				ALWAYS_EMBED_SWIFT_STANDARD_LIBRARIES = YES;
				CODE_SIGN_STYLE = Automatic;
				CURRENT_PROJECT_VERSION = 1;
				DEVELOPMENT_TEAM = 7A56SCUDQD;
				GENERATE_INFOPLIST_FILE = YES;
				MARKETING_VERSION = 1.0;
				PRODUCT_BUNDLE_IDENTIFIER = kubiakk.CrewCatchUITests;
				PRODUCT_NAME = "$(TARGET_NAME)";
				SWIFT_EMIT_LOC_STRINGS = NO;
				SWIFT_VERSION = 5.0;
				TARGETED_DEVICE_FAMILY = "1,2";
				TEST_TARGET_NAME = CrewCatch;
			};
			name = Debug;
		};
		99ADE0B62B9A549A00F22250 /* Release */ = {
			isa = XCBuildConfiguration;
			buildSettings = {
				ALWAYS_EMBED_SWIFT_STANDARD_LIBRARIES = YES;
				CODE_SIGN_STYLE = Automatic;
				CURRENT_PROJECT_VERSION = 1;
				DEVELOPMENT_TEAM = 7A56SCUDQD;
				GENERATE_INFOPLIST_FILE = YES;
				MARKETING_VERSION = 1.0;
				PRODUCT_BUNDLE_IDENTIFIER = kubiakk.CrewCatchUITests;
				PRODUCT_NAME = "$(TARGET_NAME)";
				SWIFT_EMIT_LOC_STRINGS = NO;
				SWIFT_VERSION = 5.0;
				TARGETED_DEVICE_FAMILY = "1,2";
				TEST_TARGET_NAME = CrewCatch;
			};
			name = Release;
		};
/* End XCBuildConfiguration section */

/* Begin XCConfigurationList section */
		99ADE0832B9A549900F22250 /* Build configuration list for PBXProject "CrewCatch" */ = {
			isa = XCConfigurationList;
			buildConfigurations = (
				99ADE0AC2B9A549A00F22250 /* Debug */,
				99ADE0AD2B9A549A00F22250 /* Release */,
			);
			defaultConfigurationIsVisible = 0;
			defaultConfigurationName = Release;
		};
		99ADE0AE2B9A549A00F22250 /* Build configuration list for PBXNativeTarget "CrewCatch" */ = {
			isa = XCConfigurationList;
			buildConfigurations = (
				99ADE0AF2B9A549A00F22250 /* Debug */,
				99ADE0B02B9A549A00F22250 /* Release */,
			);
			defaultConfigurationIsVisible = 0;
			defaultConfigurationName = Release;
		};
		99ADE0B12B9A549A00F22250 /* Build configuration list for PBXNativeTarget "CrewCatchTests" */ = {
			isa = XCConfigurationList;
			buildConfigurations = (
				99ADE0B22B9A549A00F22250 /* Debug */,
				99ADE0B32B9A549A00F22250 /* Release */,
			);
			defaultConfigurationIsVisible = 0;
			defaultConfigurationName = Release;
		};
		99ADE0B42B9A549A00F22250 /* Build configuration list for PBXNativeTarget "CrewCatchUITests" */ = {
			isa = XCConfigurationList;
			buildConfigurations = (
				99ADE0B52B9A549A00F22250 /* Debug */,
				99ADE0B62B9A549A00F22250 /* Release */,
			);
			defaultConfigurationIsVisible = 0;
			defaultConfigurationName = Release;
		};
/* End XCConfigurationList section */
	};
	rootObject = 99ADE0802B9A549900F22250 /* Project object */;
}
